github.com/afex/hystrix-go v0.0.0-20180502004556-fa1af6a1f4f5 h1:rFw4nCn9iMW+Vajsk51NtYIcwSTkXr+JGrMd36kTDJw=
github.com/afex/hystrix-go v0.0.0-20180502004556-fa1af6a1f4f5/go.mod h1:SkGFH1ia65gfNATL8TAiHDNxPzPdmEL5uirI2Uyuz6c=
github.com/bwmarrin/snowflake v0.3.0 h1:xm67bEhkKh6ij1790JB83OujPR5CzNe8QuQqAgISZN0=
github.com/bwmarrin/snowflake v0.3.0/go.mod h1:NdZxfVWX+oR6y2K0o6qAYv6gIOP9rjG0/E9WsDpxqwE=
github.com/davecgh/go-spew v1.1.0/go.mod h1:J7Y8YcW2NihsgmVo/mv3lAwl/skON4iLHjSsI+c5H38=
github.com/davecgh/go-spew v1.1.1 h1:vj9j/u1bqnvCEfJOwUhtlOARqs3+rkHYY13jYWTU97c=
github.com/davecgh/go-spew v1.1.1/go.mod h1:J7Y8YcW2NihsgmVo/mv3lAwl/skON4iLHjSsI+c5H38=
github.com/eapache/go-resiliency v1.3.0 h1:RRL0nge+cWGlxXbUzJ7yMcq6w2XBEr19dCN6HECGaT0=
github.com/eapache/go-resiliency v1.3.0/go.mod h1:5yPzW0MIvSe0JDsv0v+DvcjEv2FyD6iZYSs1ZI+iQho=
github.com/gopherjs/gopherjs v0.0.0-20181017120253-0766667cb4d1 h1:EGx4pi6eqNxGaHF6qqu48+N2wcFQ5qg5FXgOdqsJ5d8=
github.com/gopherjs/gopherjs v0.0.0-20181017120253-0766667cb4d1/go.mod h1:wJfORRmW1u3UXTncJ5qlYoELFm8eSnnEO6hX4iZ3EWY=
github.com/h2non/parth v0.0.0-20190131123155-b4df798d6542 h1:2VTzZjLZBgl62/EtslCrtky5vbi9dd7HrQPQIx6wqiw=
github.com/h2non/parth v0.0.0-20190131123155-b4df798d6542/go.mod h1:Ow0tF8D4Kplbc8s8sSb3V2oUCygFHVp8gC3Dn6U4MNI=
github.com/jinzhu/inflection v1.0.0 h1:K317FqzuhWc8YvSVlFMCCUb36O/S9MCKRDI7QkRKD/E=
github.com/jinzhu/inflection v1.0.0/go.mod h1:h+uFLlag+Qp1Va5pdKtLDYj+kHp5pxUVkryuEj+Srlc=
github.com/jinzhu/now v1.1.4 h1:tHnRBy1i5F2Dh8BAFxqFzxKqqvezXrL2OW1TnX+Mlas=
github.com/jinzhu/now v1.1.4/go.mod h1:d3SSVoowX0Lcu0IBviAWJpolVfI5UJVZZ7cO71lE/z8=
github.com/jtolds/gls v4.20.0+incompatible h1:xdiiI2gbIgH/gLH7ADydsJ1uDOEzR8yvV7C0MuV77Wo=
github.com/jtolds/gls v4.20.0+incompatible/go.mod h1:QJZ7F/aHp+rZTRtaJ1ow/lLfFfVYBRgL+9YlvaHOwJU=
github.com/myesui/uuid v1.0.0 h1:xCBmH4l5KuvLYc5L7AS7SZg9/jKdIFubM7OVoLqaQUI=
github.com/myesui/uuid v1.0.0/go.mod h1:2CDfNgU0LR8mIdO8vdWd8i9gWWxLlcoIGGpSNgafq84=
github.com/nbio/st v0.0.0-20140626010706-e9e8d9816f32 h1:W6apQkHrMkS0Muv8G/TipAy/FJl/rCYT0+EuS8+Z0z4=
github.com/nbio/st v0.0.0-20140626010706-e9e8d9816f32/go.mod h1:9wM+0iRr9ahx58uYLpLIr5fm8diHn0JbqRycJi6w0Ms=
github.com/opentracing-contrib/go-observer v0.0.0-20170622124052-a52f23424492 h1:lM6RxxfUMrYL/f8bWEUqdXrANWtrL7Nndbm9iFN0DlU=
github.com/opentracing-contrib/go-observer v0.0.0-20170622124052-a52f23424492/go.mod h1:Ngi6UdF0k5OKD5t5wlmGhe/EDKPoUM3BXZSSfIuJbis=
github.com/opentracing/opentracing-go v1.2.0 h1:uEJPy/1a5RIPAJ0Ov+OIO8OxWu77jEv+1B0VhjKrZUs=
github.com/opentracing/opentracing-go v1.2.0/go.mod h1:GxEUsuufX4nBwe+T+Wl9TAgYrxe9dPLANfrWvHYVTgc=
github.com/openzipkin-contrib/zipkin-go-opentracing v0.5.0 h1:uhcF5Jd7rP9DVEL10Siffyepr6SvlKbUsjH5JpNCRi8=
github.com/openzipkin-contrib/zipkin-go-opentracing v0.5.0/go.mod h1:+oCZ5GXXr7KPI/DNOQORPTq5AWHfALJj9c72b0+YsEY=
github.com/openzipkin/zipkin-go v0.4.1 h1:kNd/ST2yLLWhaWrkgchya40TJabe8Hioj9udfPcEO5A=
github.com/openzipkin/zipkin-go v0.4.1/go.mod h1:qY0VqDSN1pOBN94dBc6w2GJlWLiovAyg7Qt6/I9HecM=
github.com/pmezard/go-difflib v1.0.0 h1:4DBwDE0NGyQoBHbLQYPwSUPoCMWR5BEzIk/f1lZbAQM=
github.com/pmezard/go-difflib v1.0.0/go.mod h1:iKH77koFhYxTK1pcRnkKkqfTogsbg7gZNVY4sRDYZ/4=
github.com/sirupsen/logrus v1.9.0 h1:trlNQbNUG3OdDrDil03MCb1H2o9nJ1x4/5LYw7byDE0=
github.com/sirupsen/logrus v1.9.0/go.mod h1:naHLuLoDiP4jHNo9R0sCBMtWGeIprob74mVsIT4qYEQ=
github.com/smartystreets/assertions v1.2.0 h1:42S6lae5dvLc7BrLu/0ugRtcFVjoJNMC/N3yZFZkDFs=
github.com/smartystreets/assertions v1.2.0/go.mod h1:tcbTF8ujkAEcZ8TElKY+i30BzYlVhC/LOxJk7iOWnoo=
github.com/smartystreets/goconvey v1.7.2 h1:9RBaZCeXEQ3UselpuwUQHltGVXvdwm6cv1hgR6gDIPg=
github.com/smartystreets/goconvey v1.7.2/go.mod h1:Vw0tHAZW6lzCRk3xgdin6fKYcG+G3Pg9vgXWeJpQFMM=
github.com/stretchr/objx v0.1.0/go.mod h1:HFkY916IF+rwdDfMAkV7OtwuqBVzrE8GR6GFx+wExME=
github.com/stretchr/objx v0.4.0/go.mod h1:YvHI0jy2hoMjB+UWwv71VJQ9isScKT/TqJzVSSt89Yw=
github.com/stretchr/testify v1.3.0/go.mod h1:M5WIy9Dh21IEIfnGCwXGc5bZfKNJtfHm1UVUgZn+9EI=
github.com/stretchr/testify v1.7.0/go.mod h1:6Fq8oRcR53rry900zMqJjRRixrwX3KX962/h/Wwjteg=
github.com/stretchr/testify v1.7.1/go.mod h1:6Fq8oRcR53rry900zMqJjRRixrwX3KX962/h/Wwjteg=
github.com/stretchr/testify v1.8.0 h1:pSgiaMZlXftHpm5L7V1+rVB+AZJydKsMxsQBIJw4PKk=
github.com/stretchr/testify v1.8.0/go.mod h1:yNjHg4UonilssWZ8iaSj1OCr/vHnekPRkoO+kdMU+MU=
github.com/twinj/uuid v1.0.0 h1:fzz7COZnDrXGTAOHGuUGYd6sG+JMq+AoE7+Jlu0przk=
github.com/twinj/uuid v1.0.0/go.mod h1:mMgcE1RHFUFqe5AfiwlINXisXfDGro23fWdPUfOMjRY=
golang.org/x/crypto v0.0.0-20190308221718-c2843e01d9a2/go.mod h1:djNgcEr1/C05ACkg1iLfiJU5Ep61QUkGW8qpdssI0+w=
golang.org/x/net v0.0.0-20190311183353-d8887717615a/go.mod h1:t9HGtf8HONx5eT2rtn7q6eTqICYqUVnKs3thJo3Qplg=
golang.org/x/sys v0.0.0-20190215142949-d0b11bdaac8a/go.mod h1:STP8DvDyc/dI5b8T5hshtkjS+E42TnysNCUPdjciGhY=
golang.org/x/sys v0.0.0-20220715151400-c0bba94af5f8/go.mod h1:oPkhp1MJrh7nUepCBck5+mAzfO9JrbApNNgaTdGDITg=
golang.org/x/sys v0.0.0-20221010170243-090e33056c14 h1:k5II8e6QD8mITdi+okbbmR/cIyEbeXLBhy5Ha4nevyc=
golang.org/x/sys v0.0.0-20221010170243-090e33056c14/go.mod h1:oPkhp1MJrh7nUepCBck5+mAzfO9JrbApNNgaTdGDITg=
golang.org/x/text v0.3.0/go.mod h1:NqM8EUOU14njkJ3fqMW+pc6Ldnwhi/IjpwHt7yyuwOQ=
golang.org/x/tools v0.0.0-20190328211700-ab21143f2384/go.mod h1:LCzVGOaR6xXOjkQ3onu1FJEFr0SW1gC7cKk1uF8kGRs=
google.golang.org/grpc v1.50.0 h1:fPVVDxY9w++VjTZsYvXWqEf9Rqar/e+9zYfxKK+W+YU=
google.golang.org/grpc v1.50.0/go.mod h1:ZgQEeidpAuNRZ8iRrlBKXZQP1ghovWIVhdJRyCDK+GI=
gopkg.in/check.v1 v0.0.0-20161208181325-20d25e280405 h1:yhCVgyC4o1eVCa2tZl7eS0r+SDo693bJlVdllGtEeKM=
gopkg.in/check.v1 v0.0.0-20161208181325-20d25e280405/go.mod h1:Co6ibVJAznAaIkqp8huTwlJQCZ016jof/cbN4VW5Yz0=
gopkg.in/h2non/gock.v1 v1.1.2 h1:jBbHXgGBK/AoPVfJh5x4r/WxIrElvbLel8TCZkkZJoY=
gopkg.in/h2non/gock.v1 v1.1.2/go.mod h1:n7UGz/ckNChHiK05rDoiC4MYSunEC/lyaUm2WWaDva0=
gopkg.in/stretchr/testify.v1 v1.2.2 h1:yhQC6Uy5CqibAIlk1wlusa/MJ3iAN49/BsR/dCCKz3M=
gopkg.in/stretchr/testify.v1 v1.2.2/go.mod h1:QI5V/q6UbPmuhtm10CaFZxED9NreB8PnFYN9JcR6TxU=
gopkg.in/yaml.v3 v3.0.0-20200313102051-9f266ea9e77c/go.mod h1:K4uyk7z7BCEPqu6E+C64Yfv1cQ7kz7rIZviUmN+EgEM=
gopkg.in/yaml.v3 v3.0.1 h1:fxVm/GzAzEWqLHuvctI91KS9hhNmmWOoWu0XTYJS7CA=
gopkg.in/yaml.v3 v3.0.1/go.mod h1:K4uyk7z7BCEPqu6E+C64Yfv1cQ7kz7rIZviUmN+EgEM=
gorm.io/gorm v1.24.2 h1:9wR6CFD+G8nOusLdvkZelOEhpJVwwHzpQOUM+REd6U0=
gorm.io/gorm v1.24.2/go.mod h1:DVrVomtaYTbqs7gB/x2uVvqnXzv0nqjB396B8cG4dBA=
